
Microsoft Visual Studio Solution File, Format Version 12.00
# Visual Studio Version 16
VisualStudioVersion = 16.0.31729.503
MinimumVisualStudioVersion = 10.0.40219.1
Project("{FAE04EC0-301F-11D3-BF4B-00C04F79EFBC}") = "WemcoBank", "WemcoBank\WemcoBank.csproj", "{ED5230DA-8C0D-40BD-BBA7-8512C5CEEDBA}"
EndProject
Global
	GlobalSection(SolutionConfigurationPlatforms) = preSolution
		Debug|Any CPU = Debug|Any CPU
		Release|Any CPU = Release|Any CPU
	EndGlobalSection
	GlobalSection(ProjectConfigurationPlatforms) = postSolution
		{ED5230DA-8C0D-40BD-BBA7-8512C5CEEDBA}.Debug|Any CPU.ActiveCfg = Debug|Any CPU
		{ED5230DA-8C0D-40BD-BBA7-8512C5CEEDBA}.Debug|Any CPU.Build.0 = Debug|Any CPU
		{ED5230DA-8C0D-40BD-BBA7-8512C5CEEDBA}.Release|Any CPU.ActiveCfg = Release|Any CPU
		{ED5230DA-8C0D-40BD-BBA7-8512C5CEEDBA}.Release|Any CPU.Build.0 = Release|Any CPU
	EndGlobalSection
	GlobalSection(SolutionProperties) = preSolution
		HideSolutionNode = FALSE
	EndGlobalSection
	GlobalSection(ExtensibilityGlobals) = postSolution
		SolutionGuid = {BC8C97ED-77AE-426A-9E15-CE9694706B47}
	EndGlobalSection
EndGlobal
